{
	"name": "rcp-cli",
	"version": "1.0.1",
	"lockfileVersion": 2,
	"requires": true,
	"packages": {
		"": {
			"name": "rcp-cli",
			"version": "1.0.0",
			"license": "ISC",
			"dependencies": {
				"commander": "^8.3.0"
			},
			"bin": {
				"rcp-cli": "dist/index.js"
			},
			"devDependencies": {
				"@types/node": "^16.11.4",
				"esbuild-wasm": "^0.13.9"
			}
		},
		"node_modules/@types/node": {
			"version": "16.11.4",
			"resolved": "https://registry.npmjs.org/@types/node/-/node-16.11.4.tgz",
			"integrity": "sha512-TMgXmy0v2xWyuCSCJM6NCna2snndD8yvQF67J29ipdzMcsPa9u+o0tjF5+EQNdhcuZplYuouYqpc4zcd5I6amQ==",
			"dev": true
		},
		"node_modules/commander": {
			"version": "8.3.0",
			"resolved": "https://registry.npmjs.org/commander/-/commander-8.3.0.tgz",
			"integrity": "sha512-OkTL9umf+He2DZkUq8f8J9of7yL6RJKI24dVITBmNfZBmri9zYZQrKkuXiKhyfPSu8tUhnVBB1iKXevvnlR4Ww==",
			"engines": {
				"node": ">= 12"
			}
		},
		"node_modules/esbuild-wasm": {
			"version": "0.13.9",
			"resolved": "https://registry.npmjs.org/esbuild-wasm/-/esbuild-wasm-0.13.9.tgz",
			"integrity": "sha512-qMLSYVSlm6ZrV1OqXYPHelniJns2DbUI0MxwZyNGrym/arrEX19T2xfJvzujLHXVShBRHEMLgplJkNtQ2NXapQ==",
			"dev": true,
			"bin": {
				"esbuild": "bin/esbuild"
			},
			"engines": {
				"node": ">=8"
			}
		}
	},
	"dependencies": {
		"@types/node": {
			"version": "16.11.4",
			"resolved": "https://registry.npmjs.org/@types/node/-/node-16.11.4.tgz",
			"integrity": "sha512-TMgXmy0v2xWyuCSCJM6NCna2snndD8yvQF67J29ipdzMcsPa9u+o0tjF5+EQNdhcuZplYuouYqpc4zcd5I6amQ==",
			"dev": true
		},
		"commander": {
			"version": "8.3.0",
			"resolved": "https://registry.npmjs.org/commander/-/commander-8.3.0.tgz",
			"integrity": "sha512-OkTL9umf+He2DZkUq8f8J9of7yL6RJKI24dVITBmNfZBmri9zYZQrKkuXiKhyfPSu8tUhnVBB1iKXevvnlR4Ww=="
		},
		"esbuild-wasm": {
			"version": "0.13.9",
			"resolved": "https://registry.npmjs.org/esbuild-wasm/-/esbuild-wasm-0.13.9.tgz",
			"integrity": "sha512-qMLSYVSlm6ZrV1OqXYPHelniJns2DbUI0MxwZyNGrym/arrEX19T2xfJvzujLHXVShBRHEMLgplJkNtQ2NXapQ==",
			"dev": true
		}
	}
}
